
Microsoft Visual Studio Solution File, Format Version 12.00
# Visual Studio 15
VisualStudioVersion = 15.0.28010.2046
MinimumVisualStudioVersion = 10.0.40219.1
Project("{FAE04EC0-301F-11D3-BF4B-00C04F79EFBC}") = "RemoteFetch", "RemoteFetch.csproj", "{EE7C4CDD-2FC2-468F-B462-D35F18976F41}"
EndProject
Global
	GlobalSection(SolutionConfigurationPlatforms) = preSolution
		Debug|Any CPU = Debug|Any CPU
		Release|Any CPU = Release|Any CPU
	EndGlobalSection
	GlobalSection(ProjectConfigurationPlatforms) = postSolution
		{EE7C4CDD-2FC2-468F-B462-D35F18976F41}.Debug|Any CPU.ActiveCfg = Debug|Any CPU
		{EE7C4CDD-2FC2-468F-B462-D35F18976F41}.Debug|Any CPU.Build.0 = Debug|Any CPU
		{EE7C4CDD-2FC2-468F-B462-D35F18976F41}.Release|Any CPU.ActiveCfg = Release|Any CPU
		{EE7C4CDD-2FC2-468F-B462-D35F18976F41}.Release|Any CPU.Build.0 = Release|Any CPU
	EndGlobalSection
	GlobalSection(SolutionProperties) = preSolution
		HideSolutionNode = FALSE
	EndGlobalSection
	GlobalSection(ExtensibilityGlobals) = postSolution
		SolutionGuid = {9F6545EF-A467-4935-B1CB-4CA1C66C2147}
	EndGlobalSection
EndGlobal
